
Microsoft Visual Studio Solution File, Format Version 12.00
# Visual Studio Version 16
VisualStudioVersion = 16.0.30413.136
MinimumVisualStudioVersion = 10.0.40219.1
Project("{FAE04EC0-301F-11D3-BF4B-00C04F79EFBC}") = "W3SCHOOLS", "W3SCHOOLS\W3SCHOOLS.csproj", "{4641ACCE-0007-46B1-9837-BAD9B3412B76}"
EndProject
Global
	GlobalSection(SolutionConfigurationPlatforms) = preSolution
		Debug|Any CPU = Debug|Any CPU
		Release|Any CPU = Release|Any CPU
	EndGlobalSection
	GlobalSection(ProjectConfigurationPlatforms) = postSolution
		{4641ACCE-0007-46B1-9837-BAD9B3412B76}.Debug|Any CPU.ActiveCfg = Debug|Any CPU
		{4641ACCE-0007-46B1-9837-BAD9B3412B76}.Debug|Any CPU.Build.0 = Debug|Any CPU
		{4641ACCE-0007-46B1-9837-BAD9B3412B76}.Release|Any CPU.ActiveCfg = Release|Any CPU
		{4641ACCE-0007-46B1-9837-BAD9B3412B76}.Release|Any CPU.Build.0 = Release|Any CPU
	EndGlobalSection
	GlobalSection(SolutionProperties) = preSolution
		HideSolutionNode = FALSE
	EndGlobalSection
	GlobalSection(ExtensibilityGlobals) = postSolution
		SolutionGuid = {5DFD4C23-5D30-4FE5-977C-49E8DF18CA88}
	EndGlobalSection
EndGlobal
